// !$*UTF8*$!
{
	archiveVersion = 1;
	classes = {
	};
	objectVersion = 50;
	objects = {

/* Begin PBXBuildFile section */
		28F2DC2B265CDDA4009897D0 /* SwiftUIToDoApp.swift in Sources */ = {isa = PBXBuildFile; fileRef = 28F2DC2A265CDDA4009897D0 /* SwiftUIToDoApp.swift */; };
		28F2DC2D265CDDA4009897D0 /* TaskListView.swift in Sources */ = {isa = PBXBuildFile; fileRef = 28F2DC2C265CDDA4009897D0 /* TaskListView.swift */; };
		28F2DC2F265CDDA6009897D0 /* Assets.xcassets in Resources */ = {isa = PBXBuildFile; fileRef = 28F2DC2E265CDDA6009897D0 /* Assets.xcassets */; };
		28F2DC32265CDDA6009897D0 /* Preview Assets.xcassets in Resources */ = {isa = PBXBuildFile; fileRef = 28F2DC31265CDDA6009897D0 /* Preview Assets.xcassets */; };
		28F2DC3C265CDE40009897D0 /* UserData.swift in Sources */ = {isa = PBXBuildFile; fileRef = 28F2DC3B265CDE40009897D0 /* UserData.swift */; };
		28F2DC3E265CDE5D009897D0 /* Task.swift in Sources */ = {isa = PBXBuildFile; fileRef = 28F2DC3D265CDE5D009897D0 /* Task.swift */; };
		28F2DC40265CE11E009897D0 /* UserDefaultsValue.swift in Sources */ = {isa = PBXBuildFile; fileRef = 28F2DC3F265CE11E009897D0 /* UserDefaultsValue.swift */; };
		28F2DC42265CE330009897D0 /* TaskItemView.swift in Sources */ = {isa = PBXBuildFile; fileRef = 28F2DC41265CE330009897D0 /* TaskItemView.swift */; };
		28F2DC44265CE602009897D0 /* TaskEditView.swift in Sources */ = {isa = PBXBuildFile; fileRef = 28F2DC43265CE602009897D0 /* TaskEditView.swift */; };
/* End PBXBuildFile section */

/* Begin PBXFileReference section */
		28F2DC27265CDDA4009897D0 /* SwiftUIToDo.app */ = {isa = PBXFileReference; explicitFileType = wrapper.application; includeInIndex = 0; path = SwiftUIToDo.app; sourceTree = BUILT_PRODUCTS_DIR; };
		28F2DC2A265CDDA4009897D0 /* SwiftUIToDoApp.swift */ = {isa = PBXFileReference; lastKnownFileType = sourcecode.swift; path = SwiftUIToDoApp.swift; sourceTree = "<group>"; };
		28F2DC2C265CDDA4009897D0 /* TaskListView.swift */ = {isa = PBXFileReference; lastKnownFileType = sourcecode.swift; path = TaskListView.swift; sourceTree = "<group>"; };
		28F2DC2E265CDDA6009897D0 /* Assets.xcassets */ = {isa = PBXFileReference; lastKnownFileType = folder.assetcatalog; path = Assets.xcassets; sourceTree = "<group>"; };
		28F2DC31265CDDA6009897D0 /* Preview Assets.xcassets */ = {isa = PBXFileReference; lastKnownFileType = folder.assetcatalog; path = "Preview Assets.xcassets"; sourceTree = "<group>"; };
		28F2DC33265CDDA6009897D0 /* Info.plist */ = {isa = PBXFileReference; lastKnownFileType = text.plist.xml; path = Info.plist; sourceTree = "<group>"; };
		28F2DC3B265CDE40009897D0 /* UserData.swift */ = {isa = PBXFileReference; lastKnownFileType = sourcecode.swift; path = UserData.swift; sourceTree = "<group>"; };
		28F2DC3D265CDE5D009897D0 /* Task.swift */ = {isa = PBXFileReference; lastKnownFileType = sourcecode.swift; path = Task.swift; sourceTree = "<group>"; };
		28F2DC3F265CE11E009897D0 /* UserDefaultsValue.swift */ = {isa = PBXFileReference; lastKnownFileType = sourcecode.swift; path = UserDefaultsValue.swift; sourceTree = "<group>"; };
		28F2DC41265CE330009897D0 /* TaskItemView.swift */ = {isa = PBXFileReference; lastKnownFileType = sourcecode.swift; path = TaskItemView.swift; sourceTree = "<group>"; };
		28F2DC43265CE602009897D0 /* TaskEditView.swift */ = {isa = PBXFileReference; lastKnownFileType = sourcecode.swift; path = TaskEditView.swift; sourceTree = "<group>"; };
/* End PBXFileReference section */

/* Begin PBXFrameworksBuildPhase section */
		28F2DC24265CDDA4009897D0 /* Frameworks */ = {
			isa = PBXFrameworksBuildPhase;
			buildActionMask = 2147483647;
			files = (
			);
			runOnlyForDeploymentPostprocessing = 0;
		};
/* End PBXFrameworksBuildPhase section */

/* Begin PBXGroup section */
		28F2DC1E265CDDA4009897D0 = {
			isa = PBXGroup;
			children = (
				28F2DC29265CDDA4009897D0 /* SwiftUIToDo */,
				28F2DC28265CDDA4009897D0 /* Products */,
			);
			sourceTree = "<group>";
		};
		28F2DC28265CDDA4009897D0 /* Products */ = {
			isa = PBXGroup;
			children = (
				28F2DC27265CDDA4009897D0 /* SwiftUIToDo.app */,
			);
			name = Products;
			sourceTree = "<group>";
		};
		28F2DC29265CDDA4009897D0 /* SwiftUIToDo */ = {
			isa = PBXGroup;
			children = (
				28F2DC3A265CDDBC009897D0 /* Views */,
				28F2DC39265CDDB9009897D0 /* Models */,
				28F2DC2A265CDDA4009897D0 /* SwiftUIToDoApp.swift */,
				28F2DC2E265CDDA6009897D0 /* Assets.xcassets */,
				28F2DC33265CDDA6009897D0 /* Info.plist */,
				28F2DC30265CDDA6009897D0 /* Preview Content */,
			);
			path = SwiftUIToDo;
			sourceTree = "<group>";
		};
		28F2DC30265CDDA6009897D0 /* Preview Content */ = {
			isa = PBXGroup;
			children = (
				28F2DC31265CDDA6009897D0 /* Preview Assets.xcassets */,
			);
			path = "Preview Content";
			sourceTree = "<group>";
		};
		28F2DC39265CDDB9009897D0 /* Models */ = {
			isa = PBXGroup;
			children = (
				28F2DC3B265CDE40009897D0 /* UserData.swift */,
				28F2DC3D265CDE5D009897D0 /* Task.swift */,
				28F2DC3F265CE11E009897D0 /* UserDefaultsValue.swift */,
			);
			path = Models;
			sourceTree = "<group>";
		};
		28F2DC3A265CDDBC009897D0 /* Views */ = {
			isa = PBXGroup;
			children = (
				28F2DC2C265CDDA4009897D0 /* TaskListView.swift */,
				28F2DC41265CE330009897D0 /* TaskItemView.swift */,
				28F2DC43265CE602009897D0 /* TaskEditView.swift */,
			);
			path = Views;
			sourceTree = "<group>";
		};
/* End PBXGroup section */

/* Begin PBXNativeTarget section */
		28F2DC26265CDDA4009897D0 /* SwiftUIToDo */ = {
			isa = PBXNativeTarget;
			buildConfigurationList = 28F2DC36265CDDA6009897D0 /* Build configuration list for PBXNativeTarget "SwiftUIToDo" */;
			buildPhases = (
				28F2DC23265CDDA4009897D0 /* Sources */,
				28F2DC24265CDDA4009897D0 /* Frameworks */,
				28F2DC25265CDDA4009897D0 /* Resources */,
			);
			buildRules = (
			);
			dependencies = (
			);
			name = SwiftUIToDo;
			productName = SwiftUIToDo;
			productReference = 28F2DC27265CDDA4009897D0 /* SwiftUIToDo.app */;
			productType = "com.apple.product-type.application";
		};
/* End PBXNativeTarget section */

/* Begin PBXProject section */
		28F2DC1F265CDDA4009897D0 /* Project object */ = {
			isa = PBXProject;
			attributes = {
				LastSwiftUpdateCheck = 1250;
				LastUpgradeCheck = 1250;
				TargetAttributes = {
					28F2DC26265CDDA4009897D0 = {
						CreatedOnToolsVersion = 12.5;
					};
				};
			};
			buildConfigurationList = 28F2DC22265CDDA4009897D0 /* Build configuration list for PBXProject "SwiftUIToDo" */;
			compatibilityVersion = "Xcode 9.3";
			developmentRegion = en;
			hasScannedForEncodings = 0;
			knownRegions = (
				en,
				Base,
			);
			mainGroup = 28F2DC1E265CDDA4009897D0;
			productRefGroup = 28F2DC28265CDDA4009897D0 /* Products */;
			projectDirPath = "";
			projectRoot = "";
			targets = (
				28F2DC26265CDDA4009897D0 /* SwiftUIToDo */,
			);
		};
/* End PBXProject section */

/* Begin PBXResourcesBuildPhase section */
		28F2DC25265CDDA4009897D0 /* Resources */ = {
			isa = PBXResourcesBuildPhase;
			buildActionMask = 2147483647;
			files = (
				28F2DC32265CDDA6009897D0 /* Preview Assets.xcassets in Resources */,
				28F2DC2F265CDDA6009897D0 /* Assets.xcassets in Resources */,
			);
			runOnlyForDeploymentPostprocessing = 0;
		};
/* End PBXResourcesBuildPhase section */

/* Begin PBXSourcesBuildPhase section */
		28F2DC23265CDDA4009897D0 /* Sources */ = {
			isa = PBXSourcesBuildPhase;
			buildActionMask = 2147483647;
			files = (
				28F2DC42265CE330009897D0 /* TaskItemView.swift in Sources */,
				28F2DC3E265CDE5D009897D0 /* Task.swift in Sources */,
				28F2DC40265CE11E009897D0 /* UserDefaultsValue.swift in Sources */,
				28F2DC44265CE602009897D0 /* TaskEditView.swift in Sources */,
				28F2DC3C265CDE40009897D0 /* UserData.swift in Sources */,
				28F2DC2D265CDDA4009897D0 /* TaskListView.swift in Sources */,
				28F2DC2B265CDDA4009897D0 /* SwiftUIToDoApp.swift in Sources */,
			);
			runOnlyForDeploymentPostprocessing = 0;
		};
/* End PBXSourcesBuildPhase section */

/* Begin XCBuildConfiguration section */
		28F2DC34265CDDA6009897D0 /* Debug */ = {
			isa = XCBuildConfiguration;
			buildSettings = {
				ALWAYS_SEARCH_USER_PATHS = NO;
				CLANG_ANALYZER_NONNULL = YES;
				CLANG_ANALYZER_NUMBER_OBJECT_CONVERSION = YES_AGGRESSIVE;
				CLANG_CXX_LANGUAGE_STANDARD = "gnu++14";
				CLANG_CXX_LIBRARY = "libc++";
				CLANG_ENABLE_MODULES = YES;
				CLANG_ENABLE_OBJC_ARC = YES;
				CLANG_ENABLE_OBJC_WEAK = YES;
				CLANG_WARN_BLOCK_CAPTURE_AUTORELEASING = YES;
				CLANG_WARN_BOOL_CONVERSION = YES;
				CLANG_WARN_COMMA = YES;
				CLANG_WARN_CONSTANT_CONVERSION = YES;
				CLANG_WARN_DEPRECATED_OBJC_IMPLEMENTATIONS = YES;
				CLANG_WARN_DIRECT_OBJC_ISA_USAGE = YES_ERROR;
				CLANG_WARN_DOCUMENTATION_COMMENTS = YES;
				CLANG_WARN_EMPTY_BODY = YES;
				CLANG_WARN_ENUM_CONVERSION = YES;
				CLANG_WARN_INFINITE_RECURSION = YES;
				CLANG_WARN_INT_CONVERSION = YES;
				CLANG_WARN_NON_LITERAL_NULL_CONVERSION = YES;
				CLANG_WARN_OBJC_IMPLICIT_RETAIN_SELF = YES;
				CLANG_WARN_OBJC_LITERAL_CONVERSION = YES;
				CLANG_WARN_OBJC_ROOT_CLASS = YES_ERROR;
				CLANG_WARN_QUOTED_INCLUDE_IN_FRAMEWORK_HEADER = YES;
				CLANG_WARN_RANGE_LOOP_ANALYSIS = YES;
				CLANG_WARN_STRICT_PROTOTYPES = YES;
				CLANG_WARN_SUSPICIOUS_MOVE = YES;
				CLANG_WARN_UNGUARDED_AVAILABILITY = YES_AGGRESSIVE;
				CLANG_WARN_UNREACHABLE_CODE = YES;
				CLANG_WARN__DUPLICATE_METHOD_MATCH = YES;
				COPY_PHASE_STRIP = NO;
				DEBUG_INFORMATION_FORMAT = dwarf;
				ENABLE_STRICT_OBJC_MSGSEND = YES;
				ENABLE_TESTABILITY = YES;
				GCC_C_LANGUAGE_STANDARD = gnu11;
				GCC_DYNAMIC_NO_PIC = NO;
				GCC_NO_COMMON_BLOCKS = YES;
				GCC_OPTIMIZATION_LEVEL = 0;
				GCC_PREPROCESSOR_DEFINITIONS = (
					"DEBUG=1",
					"$(inherited)",
				);
				GCC_WARN_64_TO_32_BIT_CONVERSION = YES;
				GCC_WARN_ABOUT_RETURN_TYPE = YES_ERROR;
				GCC_WARN_UNDECLARED_SELECTOR = YES;
				GCC_WARN_UNINITIALIZED_AUTOS = YES_AGGRESSIVE;
				GCC_WARN_UNUSED_FUNCTION = YES;
				GCC_WARN_UNUSED_VARIABLE = YES;
				IPHONEOS_DEPLOYMENT_TARGET = 14.5;
				MTL_ENABLE_DEBUG_INFO = INCLUDE_SOURCE;
				MTL_FAST_MATH = YES;
				ONLY_ACTIVE_ARCH = YES;
				SDKROOT = iphoneos;
				SWIFT_ACTIVE_COMPILATION_CONDITIONS = DEBUG;
				SWIFT_OPTIMIZATION_LEVEL = "-Onone";
			};
			name = Debug;
		};
		28F2DC35265CDDA6009897D0 /* Release */ = {
			isa = XCBuildConfiguration;
			buildSettings = {
				ALWAYS_SEARCH_USER_PATHS = NO;
				CLANG_ANALYZER_NONNULL = YES;
				CLANG_ANALYZER_NUMBER_OBJECT_CONVERSION = YES_AGGRESSIVE;
				CLANG_CXX_LANGUAGE_STANDARD = "gnu++14";
				CLANG_CXX_LIBRARY = "libc++";
				CLANG_ENABLE_MODULES = YES;
				CLANG_ENABLE_OBJC_ARC = YES;
				CLANG_ENABLE_OBJC_WEAK = YES;
				CLANG_WARN_BLOCK_CAPTURE_AUTORELEASING = YES;
				CLANG_WARN_BOOL_CONVERSION = YES;
				CLANG_WARN_COMMA = YES;
				CLANG_WARN_CONSTANT_CONVERSION = YES;
				CLANG_WARN_DEPRECATED_OBJC_IMPLEMENTATIONS = YES;
				CLANG_WARN_DIRECT_OBJC_ISA_USAGE = YES_ERROR;
				CLANG_WARN_DOCUMENTATION_COMMENTS = YES;
				CLANG_WARN_EMPTY_BODY = YES;
				CLANG_WARN_ENUM_CONVERSION = YES;
				CLANG_WARN_INFINITE_RECURSION = YES;
				CLANG_WARN_INT_CONVERSION = YES;
				CLANG_WARN_NON_LITERAL_NULL_CONVERSION = YES;
				CLANG_WARN_OBJC_IMPLICIT_RETAIN_SELF = YES;
				CLANG_WARN_OBJC_LITERAL_CONVERSION = YES;
				CLANG_WARN_OBJC_ROOT_CLASS = YES_ERROR;
				CLANG_WARN_QUOTED_INCLUDE_IN_FRAMEWORK_HEADER = YES;
				CLANG_WARN_RANGE_LOOP_ANALYSIS = YES;
				CLANG_WARN_STRICT_PROTOTYPES = YES;
				CLANG_WARN_SUSPICIOUS_MOVE = YES;
				CLANG_WARN_UNGUARDED_AVAILABILITY = YES_AGGRESSIVE;
				CLANG_WARN_UNREACHABLE_CODE = YES;
				CLANG_WARN__DUPLICATE_METHOD_MATCH = YES;
				COPY_PHASE_STRIP = NO;
				DEBUG_INFORMATION_FORMAT = "dwarf-with-dsym";
				ENABLE_NS_ASSERTIONS = NO;
				ENABLE_STRICT_OBJC_MSGSEND = YES;
				GCC_C_LANGUAGE_STANDARD = gnu11;
				GCC_NO_COMMON_BLOCKS = YES;
				GCC_WARN_64_TO_32_BIT_CONVERSION = YES;
				GCC_WARN_ABOUT_RETURN_TYPE = YES_ERROR;
				GCC_WARN_UNDECLARED_SELECTOR = YES;
				GCC_WARN_UNINITIALIZED_AUTOS = YES_AGGRESSIVE;
				GCC_WARN_UNUSED_FUNCTION = YES;
				GCC_WARN_UNUSED_VARIABLE = YES;
				IPHONEOS_DEPLOYMENT_TARGET = 14.5;
				MTL_ENABLE_DEBUG_INFO = NO;
				MTL_FAST_MATH = YES;
				SDKROOT = iphoneos;
				SWIFT_COMPILATION_MODE = wholemodule;
				SWIFT_OPTIMIZATION_LEVEL = "-O";
				VALIDATE_PRODUCT = YES;
			};
			name = Release;
		};
		28F2DC37265CDDA6009897D0 /* Debug */ = {
			isa = XCBuildConfiguration;
			buildSettings = {
				ASSETCATALOG_COMPILER_APPICON_NAME = AppIcon;
				ASSETCATALOG_COMPILER_GLOBAL_ACCENT_COLOR_NAME = AccentColor;
				CODE_SIGN_STYLE = Automatic;
				DEVELOPMENT_ASSET_PATHS = "\"SwiftUIToDo/Preview Content\"";
				DEVELOPMENT_TEAM = U6Q9G3RA4Y;
				ENABLE_PREVIEWS = YES;
				INFOPLIST_FILE = SwiftUIToDo/Info.plist;
				IPHONEOS_DEPLOYMENT_TARGET = 14.0;
				LD_RUNPATH_SEARCH_PATHS = (
					"$(inherited)",
					"@executable_path/Frameworks",
				);
				PRODUCT_BUNDLE_IDENTIFIER = com.wickedrun.SwiftUIToDo;
				PRODUCT_NAME = "$(TARGET_NAME)";
				SWIFT_VERSION = 5.0;
				TARGETED_DEVICE_FAMILY = "1,2";
			};
			name = Debug;
		};
		28F2DC38265CDDA6009897D0 /* Release */ = {
			isa = XCBuildConfiguration;
			buildSettings = {
				ASSETCATALOG_COMPILER_APPICON_NAME = AppIcon;
				ASSETCATALOG_COMPILER_GLOBAL_ACCENT_COLOR_NAME = AccentColor;
				CODE_SIGN_STYLE = Automatic;
				DEVELOPMENT_ASSET_PATHS = "\"SwiftUIToDo/Preview Content\"";
				DEVELOPMENT_TEAM = U6Q9G3RA4Y;
				ENABLE_PREVIEWS = YES;
				INFOPLIST_FILE = SwiftUIToDo/Info.plist;
				IPHONEOS_DEPLOYMENT_TARGET = 14.0;
				LD_RUNPATH_SEARCH_PATHS = (
					"$(inherited)",
					"@executable_path/Frameworks",
				);
				PRODUCT_BUNDLE_IDENTIFIER = com.wickedrun.SwiftUIToDo;
				PRODUCT_NAME = "$(TARGET_NAME)";
				SWIFT_VERSION = 5.0;
				TARGETED_DEVICE_FAMILY = "1,2";
			};
			name = Release;
		};
/* End XCBuildConfiguration section */

/* Begin XCConfigurationList section */
		28F2DC22265CDDA4009897D0 /* Build configuration list for PBXProject "SwiftUIToDo" */ = {
			isa = XCConfigurationList;
			buildConfigurations = (
				28F2DC34265CDDA6009897D0 /* Debug */,
				28F2DC35265CDDA6009897D0 /* Release */,
			);
			defaultConfigurationIsVisible = 0;
			defaultConfigurationName = Release;
		};
		28F2DC36265CDDA6009897D0 /* Build configuration list for PBXNativeTarget "SwiftUIToDo" */ = {
			isa = XCConfigurationList;
			buildConfigurations = (
				28F2DC37265CDDA6009897D0 /* Debug */,
				28F2DC38265CDDA6009897D0 /* Release */,
			);
			defaultConfigurationIsVisible = 0;
			defaultConfigurationName = Release;
		};
/* End XCConfigurationList section */
	};
	rootObject = 28F2DC1F265CDDA4009897D0 /* Project object */;
}
